
Microsoft Visual Studio Solution File, Format Version 12.00
# Visual Studio Version 17
VisualStudioVersion = 17.4.33213.308
MinimumVisualStudioVersion = 10.0.40219.1
Project("{FAE04EC0-301F-11D3-BF4B-00C04F79EFBC}") = "HastaneProje", "HastaneProje\HastaneProje.csproj", "{C237CFCA-56B6-4AE0-9627-825C1ADF62CB}"
EndProject
Global
	GlobalSection(SolutionConfigurationPlatforms) = preSolution
		Debug|Any CPU = Debug|Any CPU
		Release|Any CPU = Release|Any CPU
	EndGlobalSection
	GlobalSection(ProjectConfigurationPlatforms) = postSolution
		{C237CFCA-56B6-4AE0-9627-825C1ADF62CB}.Debug|Any CPU.ActiveCfg = Debug|Any CPU
		{C237CFCA-56B6-4AE0-9627-825C1ADF62CB}.Debug|Any CPU.Build.0 = Debug|Any CPU
		{C237CFCA-56B6-4AE0-9627-825C1ADF62CB}.Release|Any CPU.ActiveCfg = Release|Any CPU
		{C237CFCA-56B6-4AE0-9627-825C1ADF62CB}.Release|Any CPU.Build.0 = Release|Any CPU
	EndGlobalSection
	GlobalSection(SolutionProperties) = preSolution
		HideSolutionNode = FALSE
	EndGlobalSection
	GlobalSection(ExtensibilityGlobals) = postSolution
		SolutionGuid = {6FEA3110-F3B5-4C51-A943-45FFF51FDE62}
	EndGlobalSection
EndGlobal
